
Microsoft Visual Studio Solution File, Format Version 12.00
# Visual Studio Version 17
VisualStudioVersion = 17.5.33530.505
MinimumVisualStudioVersion = 10.0.40219.1
Project("{9A19103F-16F7-4668-BE54-9A1E7A4F7556}") = "TestTaskConsole", "TestTaskConsole.csproj", "{824A94ED-B75A-4EBE-841D-33F0E8C54002}"
EndProject
Project("{FAE04EC0-301F-11D3-BF4B-00C04F79EFBC}") = "EquationTransformationLibrary", "..\EquationTransformationLibrary\EquationTransformationLibrary.csproj", "{90A2A451-ACD8-4748-A0EF-85289E515067}"
EndProject
Global
	GlobalSection(SolutionConfigurationPlatforms) = preSolution
		Debug|Any CPU = Debug|Any CPU
		Release|Any CPU = Release|Any CPU
	EndGlobalSection
	GlobalSection(ProjectConfigurationPlatforms) = postSolution
		{824A94ED-B75A-4EBE-841D-33F0E8C54002}.Debug|Any CPU.ActiveCfg = Debug|Any CPU
		{824A94ED-B75A-4EBE-841D-33F0E8C54002}.Debug|Any CPU.Build.0 = Debug|Any CPU
		{824A94ED-B75A-4EBE-841D-33F0E8C54002}.Release|Any CPU.ActiveCfg = Release|Any CPU
		{824A94ED-B75A-4EBE-841D-33F0E8C54002}.Release|Any CPU.Build.0 = Release|Any CPU
		{90A2A451-ACD8-4748-A0EF-85289E515067}.Debug|Any CPU.ActiveCfg = Debug|Any CPU
		{90A2A451-ACD8-4748-A0EF-85289E515067}.Debug|Any CPU.Build.0 = Debug|Any CPU
		{90A2A451-ACD8-4748-A0EF-85289E515067}.Release|Any CPU.ActiveCfg = Release|Any CPU
		{90A2A451-ACD8-4748-A0EF-85289E515067}.Release|Any CPU.Build.0 = Release|Any CPU
	EndGlobalSection
	GlobalSection(SolutionProperties) = preSolution
		HideSolutionNode = FALSE
	EndGlobalSection
	GlobalSection(ExtensibilityGlobals) = postSolution
		SolutionGuid = {A18597B1-85B2-4F34-B316-14CF12057E0E}
	EndGlobalSection
EndGlobal
